
Microsoft Visual Studio Solution File, Format Version 12.00
# Visual Studio Version 17
VisualStudioVersion = 17.9.34723.18
MinimumVisualStudioVersion = 10.0.40219.1
Project("{9A19103F-16F7-4668-BE54-9A1E7A4F7556}") = "TylorTrubPortfolioBlazor", "TylorTrub-PortfolioBlazor\TylorTrubPortfolioBlazor.csproj", "{DBB6F36F-391E-4972-8BC5-60C717097F2F}"
EndProject
Project("{9A19103F-16F7-4668-BE54-9A1E7A4F7556}") = "TylorTrubPortfolioBlazor.Client.BL", "TylorTrub-PortfolioBlazor.Client.BL\TylorTrubPortfolioBlazor.Client.BL.csproj", "{75AF0633-CA8E-4311-8028-F639CE4CCBC0}"
EndProject
Project("{9A19103F-16F7-4668-BE54-9A1E7A4F7556}") = "TylorTrubPortfolioBlazor.Server.BL", "TylorTrub-PortfolioBlazor.Server.BL\TylorTrubPortfolioBlazor.Server.BL.csproj", "{606811CC-3695-491C-937A-811DFA975BFA}"
EndProject
Project("{9A19103F-16F7-4668-BE54-9A1E7A4F7556}") = "TylorTrubPortfolio.DTO", "..\TylorTrub-Portfolio\TylorPortfolio.DTO\TylorTrubPortfolio.DTO.csproj", "{95D64283-0420-43EA-9708-46C543822298}"
EndProject
Global
	GlobalSection(SolutionConfigurationPlatforms) = preSolution
		Debug|Any CPU = Debug|Any CPU
		Release|Any CPU = Release|Any CPU
	EndGlobalSection
	GlobalSection(ProjectConfigurationPlatforms) = postSolution
		{DBB6F36F-391E-4972-8BC5-60C717097F2F}.Debug|Any CPU.ActiveCfg = Debug|Any CPU
		{DBB6F36F-391E-4972-8BC5-60C717097F2F}.Debug|Any CPU.Build.0 = Debug|Any CPU
		{DBB6F36F-391E-4972-8BC5-60C717097F2F}.Release|Any CPU.ActiveCfg = Release|Any CPU
		{DBB6F36F-391E-4972-8BC5-60C717097F2F}.Release|Any CPU.Build.0 = Release|Any CPU
		{75AF0633-CA8E-4311-8028-F639CE4CCBC0}.Debug|Any CPU.ActiveCfg = Debug|Any CPU
		{75AF0633-CA8E-4311-8028-F639CE4CCBC0}.Debug|Any CPU.Build.0 = Debug|Any CPU
		{75AF0633-CA8E-4311-8028-F639CE4CCBC0}.Release|Any CPU.ActiveCfg = Release|Any CPU
		{75AF0633-CA8E-4311-8028-F639CE4CCBC0}.Release|Any CPU.Build.0 = Release|Any CPU
		{606811CC-3695-491C-937A-811DFA975BFA}.Debug|Any CPU.ActiveCfg = Debug|Any CPU
		{606811CC-3695-491C-937A-811DFA975BFA}.Debug|Any CPU.Build.0 = Debug|Any CPU
		{606811CC-3695-491C-937A-811DFA975BFA}.Release|Any CPU.ActiveCfg = Release|Any CPU
		{606811CC-3695-491C-937A-811DFA975BFA}.Release|Any CPU.Build.0 = Release|Any CPU
		{95D64283-0420-43EA-9708-46C543822298}.Debug|Any CPU.ActiveCfg = Debug|Any CPU
		{95D64283-0420-43EA-9708-46C543822298}.Debug|Any CPU.Build.0 = Debug|Any CPU
		{95D64283-0420-43EA-9708-46C543822298}.Release|Any CPU.ActiveCfg = Release|Any CPU
		{95D64283-0420-43EA-9708-46C543822298}.Release|Any CPU.Build.0 = Release|Any CPU
	EndGlobalSection
	GlobalSection(SolutionProperties) = preSolution
		HideSolutionNode = FALSE
	EndGlobalSection
	GlobalSection(ExtensibilityGlobals) = postSolution
		SolutionGuid = {199D9B7D-FB33-42B7-9062-2B644023D257}
	EndGlobalSection
EndGlobal
